
Microsoft Visual Studio Solution File, Format Version 12.00
# Visual Studio Version 17
VisualStudioVersion = 17.8.34511.84
MinimumVisualStudioVersion = 10.0.40219.1
Project("{9A19103F-16F7-4668-BE54-9A1E7A4F7556}") = "SignalRChatRoom.Server", "SignalRChatRoom.Server\SignalRChatRoom.Server.csproj", "{1F4A9C28-52BC-46DB-AF2D-04BE5FE9E8FE}"
EndProject
Project("{9A19103F-16F7-4668-BE54-9A1E7A4F7556}") = "SignalRChatRoom.Client", "SignalRChatRoom.Client\SignalRChatRoom.Client.csproj", "{903C3E14-A63B-4A85-8BD7-2205AA81A9A1}"
EndProject
Project("{00D1A9C2-B5F0-4AF3-8072-F6C62B433612}") = "ChatBase", "ChatBase\ChatBase.sqlproj", "{0FE47885-4AE2-4221-9F33-8BAB02333627}"
EndProject
Project("{9A19103F-16F7-4668-BE54-9A1E7A4F7556}") = "AFC.database.chat", "AFC.database.chat\AFC.database.chat.csproj", "{86A423A1-6CE5-4398-98BD-9CE8D5D911BD}"
EndProject
Project("{9A19103F-16F7-4668-BE54-9A1E7A4F7556}") = "AFC.Infrastructure.chat", "AFC.Infrastructure.chat\AFC.Infrastructure.chat.csproj", "{B81F47BF-7B60-4DD1-B796-0F50CB16D100}"
EndProject
Project("{FAE04EC0-301F-11D3-BF4B-00C04F79EFBC}") = "aboba.Infrastructure.Api", "aboba.Infrastructure.Api\aboba.Infrastructure.Api.csproj", "{6F306DC0-728C-4129-9D0D-AE15C40A8E52}"
EndProject
Global
	GlobalSection(SolutionConfigurationPlatforms) = preSolution
		Debug|Any CPU = Debug|Any CPU
		Release|Any CPU = Release|Any CPU
	EndGlobalSection
	GlobalSection(ProjectConfigurationPlatforms) = postSolution
		{1F4A9C28-52BC-46DB-AF2D-04BE5FE9E8FE}.Debug|Any CPU.ActiveCfg = Debug|Any CPU
		{1F4A9C28-52BC-46DB-AF2D-04BE5FE9E8FE}.Debug|Any CPU.Build.0 = Debug|Any CPU
		{1F4A9C28-52BC-46DB-AF2D-04BE5FE9E8FE}.Release|Any CPU.ActiveCfg = Release|Any CPU
		{1F4A9C28-52BC-46DB-AF2D-04BE5FE9E8FE}.Release|Any CPU.Build.0 = Release|Any CPU
		{903C3E14-A63B-4A85-8BD7-2205AA81A9A1}.Debug|Any CPU.ActiveCfg = Debug|Any CPU
		{903C3E14-A63B-4A85-8BD7-2205AA81A9A1}.Debug|Any CPU.Build.0 = Debug|Any CPU
		{903C3E14-A63B-4A85-8BD7-2205AA81A9A1}.Release|Any CPU.ActiveCfg = Release|Any CPU
		{903C3E14-A63B-4A85-8BD7-2205AA81A9A1}.Release|Any CPU.Build.0 = Release|Any CPU
		{0FE47885-4AE2-4221-9F33-8BAB02333627}.Debug|Any CPU.ActiveCfg = Debug|Any CPU
		{0FE47885-4AE2-4221-9F33-8BAB02333627}.Debug|Any CPU.Build.0 = Debug|Any CPU
		{0FE47885-4AE2-4221-9F33-8BAB02333627}.Debug|Any CPU.Deploy.0 = Debug|Any CPU
		{0FE47885-4AE2-4221-9F33-8BAB02333627}.Release|Any CPU.ActiveCfg = Release|Any CPU
		{0FE47885-4AE2-4221-9F33-8BAB02333627}.Release|Any CPU.Build.0 = Release|Any CPU
		{0FE47885-4AE2-4221-9F33-8BAB02333627}.Release|Any CPU.Deploy.0 = Release|Any CPU
		{86A423A1-6CE5-4398-98BD-9CE8D5D911BD}.Debug|Any CPU.ActiveCfg = Debug|Any CPU
		{86A423A1-6CE5-4398-98BD-9CE8D5D911BD}.Debug|Any CPU.Build.0 = Debug|Any CPU
		{86A423A1-6CE5-4398-98BD-9CE8D5D911BD}.Release|Any CPU.ActiveCfg = Release|Any CPU
		{86A423A1-6CE5-4398-98BD-9CE8D5D911BD}.Release|Any CPU.Build.0 = Release|Any CPU
		{B81F47BF-7B60-4DD1-B796-0F50CB16D100}.Debug|Any CPU.ActiveCfg = Debug|Any CPU
		{B81F47BF-7B60-4DD1-B796-0F50CB16D100}.Debug|Any CPU.Build.0 = Debug|Any CPU
		{B81F47BF-7B60-4DD1-B796-0F50CB16D100}.Release|Any CPU.ActiveCfg = Release|Any CPU
		{B81F47BF-7B60-4DD1-B796-0F50CB16D100}.Release|Any CPU.Build.0 = Release|Any CPU
		{6F306DC0-728C-4129-9D0D-AE15C40A8E52}.Debug|Any CPU.ActiveCfg = Debug|Any CPU
		{6F306DC0-728C-4129-9D0D-AE15C40A8E52}.Debug|Any CPU.Build.0 = Debug|Any CPU
		{6F306DC0-728C-4129-9D0D-AE15C40A8E52}.Release|Any CPU.ActiveCfg = Release|Any CPU
		{6F306DC0-728C-4129-9D0D-AE15C40A8E52}.Release|Any CPU.Build.0 = Release|Any CPU
	EndGlobalSection
	GlobalSection(SolutionProperties) = preSolution
		HideSolutionNode = FALSE
	EndGlobalSection
	GlobalSection(ExtensibilityGlobals) = postSolution
		SolutionGuid = {F7BB4F25-999A-4416-9DC2-0BCAF8D7FA09}
	EndGlobalSection
EndGlobal
